
Microsoft Visual Studio Solution File, Format Version 12.00
# Visual Studio Version 16
VisualStudioVersion = 16.0.30611.23
MinimumVisualStudioVersion = 10.0.40219.1
Project("{FAE04EC0-301F-11D3-BF4B-00C04F79EFBC}") = "Hierarchical Inheritance", "Hierarchical Inheritance\Hierarchical Inheritance.csproj", "{1BB3D955-757C-4579-BC11-127D4F4F62D1}"
EndProject
Global
	GlobalSection(SolutionConfigurationPlatforms) = preSolution
		Debug|Any CPU = Debug|Any CPU
		Release|Any CPU = Release|Any CPU
	EndGlobalSection
	GlobalSection(ProjectConfigurationPlatforms) = postSolution
		{1BB3D955-757C-4579-BC11-127D4F4F62D1}.Debug|Any CPU.ActiveCfg = Debug|Any CPU
		{1BB3D955-757C-4579-BC11-127D4F4F62D1}.Debug|Any CPU.Build.0 = Debug|Any CPU
		{1BB3D955-757C-4579-BC11-127D4F4F62D1}.Release|Any CPU.ActiveCfg = Release|Any CPU
		{1BB3D955-757C-4579-BC11-127D4F4F62D1}.Release|Any CPU.Build.0 = Release|Any CPU
	EndGlobalSection
	GlobalSection(SolutionProperties) = preSolution
		HideSolutionNode = FALSE
	EndGlobalSection
	GlobalSection(ExtensibilityGlobals) = postSolution
		SolutionGuid = {7EA432DB-62DC-437D-83D8-BF01DDF74A5A}
	EndGlobalSection
EndGlobal
